
Microsoft Visual Studio Solution File, Format Version 11.00
# Visual C# Express 2010
Project("{FAE04EC0-301F-11D3-BF4B-00C04F79EFBC}") = "Spiel", "Spiel\Spiel\Spiel.csproj", "{D3C4B0B5-D9AE-4558-9B5D-53FEE1B1A3CB}"
EndProject
Project("{FAE04EC0-301F-11D3-BF4B-00C04F79EFBC}") = "SpielContent", "Spiel\SpielContent\SpielContent.contentproj", "{A1D8ED9E-297F-41F3-B8BC-B675E63E804E}"
EndProject
Global
	GlobalSection(SolutionConfigurationPlatforms) = preSolution
		Debug|x86 = Debug|x86
		Release|x86 = Release|x86
	EndGlobalSection
	GlobalSection(ProjectConfigurationPlatforms) = postSolution
		{D3C4B0B5-D9AE-4558-9B5D-53FEE1B1A3CB}.Debug|x86.ActiveCfg = Debug|x86
		{D3C4B0B5-D9AE-4558-9B5D-53FEE1B1A3CB}.Debug|x86.Build.0 = Debug|x86
		{D3C4B0B5-D9AE-4558-9B5D-53FEE1B1A3CB}.Release|x86.ActiveCfg = Release|x86
		{D3C4B0B5-D9AE-4558-9B5D-53FEE1B1A3CB}.Release|x86.Build.0 = Release|x86
		{A1D8ED9E-297F-41F3-B8BC-B675E63E804E}.Debug|x86.ActiveCfg = Debug|x86
		{A1D8ED9E-297F-41F3-B8BC-B675E63E804E}.Release|x86.ActiveCfg = Release|x86
	EndGlobalSection
	GlobalSection(SolutionProperties) = preSolution
		HideSolutionNode = FALSE
	EndGlobalSection
EndGlobal
